
Microsoft Visual Studio Solution File, Format Version 12.00
# Visual Studio Version 16
VisualStudioVersion = 16.0.29613.14
MinimumVisualStudioVersion = 10.0.40219.1
Project("{FAE04EC0-301F-11D3-BF4B-00C04F79EFBC}") = "TodoTracker", "TodoTracker\TodoTracker.csproj", "{3F9D3488-B53B-40C8-8DB5-42FB2785796F}"
EndProject
Global
	GlobalSection(SolutionConfigurationPlatforms) = preSolution
		Debug|Any CPU = Debug|Any CPU
		Release|Any CPU = Release|Any CPU
	EndGlobalSection
	GlobalSection(ProjectConfigurationPlatforms) = postSolution
		{3F9D3488-B53B-40C8-8DB5-42FB2785796F}.Debug|Any CPU.ActiveCfg = Debug|Any CPU
		{3F9D3488-B53B-40C8-8DB5-42FB2785796F}.Debug|Any CPU.Build.0 = Debug|Any CPU
		{3F9D3488-B53B-40C8-8DB5-42FB2785796F}.Release|Any CPU.ActiveCfg = Release|Any CPU
		{3F9D3488-B53B-40C8-8DB5-42FB2785796F}.Release|Any CPU.Build.0 = Release|Any CPU
	EndGlobalSection
	GlobalSection(SolutionProperties) = preSolution
		HideSolutionNode = FALSE
	EndGlobalSection
	GlobalSection(ExtensibilityGlobals) = postSolution
		SolutionGuid = {5D161D31-1ABC-409D-B0B2-3FF95392C5B5}
	EndGlobalSection
EndGlobal
